// !$*UTF8*$!
{
	archiveVersion = 1;
	classes = {
	};
	objectVersion = 46;
	objects = {

/* Begin PBXBuildFile section */
		84F6982BDC6099AACE779DED /* Pods_Whisper.framework in Frameworks */ = {isa = PBXBuildFile; fileRef = 26E50663729975CC9C1752FB /* Pods_Whisper.framework */; };
		BC097D8F1DAEE94C00BC8DCC /* UsersTableViewCell.swift in Sources */ = {isa = PBXBuildFile; fileRef = BC097D8E1DAEE94C00BC8DCC /* UsersTableViewCell.swift */; };
		BC097D911DAEEA2400BC8DCC /* UsersTableViewController.swift in Sources */ = {isa = PBXBuildFile; fileRef = BC097D901DAEEA2400BC8DCC /* UsersTableViewController.swift */; };
		BC147E8B1DA0DF2600D03E7C /* CameraViewController.swift in Sources */ = {isa = PBXBuildFile; fileRef = BC147E8A1DA0DF2600D03E7C /* CameraViewController.swift */; };
		BC2BEA641DADEBE8004315D6 /* LoginViewController.swift in Sources */ = {isa = PBXBuildFile; fileRef = BC2BEA611DADEBE8004315D6 /* LoginViewController.swift */; };
		BC2BEA651DADEBE8004315D6 /* ResetPasswordViewController.swift in Sources */ = {isa = PBXBuildFile; fileRef = BC2BEA621DADEBE8004315D6 /* ResetPasswordViewController.swift */; };
		BC2BEA661DADEBE8004315D6 /* SignupViewController.swift in Sources */ = {isa = PBXBuildFile; fileRef = BC2BEA631DADEBE8004315D6 /* SignupViewController.swift */; };
		BC2BEA681DADEFB5004315D6 /* AuthenticationService.swift in Sources */ = {isa = PBXBuildFile; fileRef = BC2BEA671DADEFB5004315D6 /* AuthenticationService.swift */; };
		BC2BEA6D1DADF718004315D6 /* CustomizableButton.swift in Sources */ = {isa = PBXBuildFile; fileRef = BC2BEA6A1DADF718004315D6 /* CustomizableButton.swift */; };
		BC2BEA6E1DADF718004315D6 /* CustomizableImageView.swift in Sources */ = {isa = PBXBuildFile; fileRef = BC2BEA6B1DADF718004315D6 /* CustomizableImageView.swift */; };
		BC2BEA6F1DADF718004315D6 /* CustomizableTextField.swift in Sources */ = {isa = PBXBuildFile; fileRef = BC2BEA6C1DADF718004315D6 /* CustomizableTextField.swift */; };
		BC2BEA711DAE3843004315D6 /* MyProfileViewController.swift in Sources */ = {isa = PBXBuildFile; fileRef = BC2BEA701DAE3843004315D6 /* MyProfileViewController.swift */; };
		BC2BEA731DAE4267004315D6 /* User.swift in Sources */ = {isa = PBXBuildFile; fileRef = BC2BEA721DAE4267004315D6 /* User.swift */; };
		BC3444EB1DACB68A00782EAC /* SCLAlertView.swift in Sources */ = {isa = PBXBuildFile; fileRef = BC3444E91DACB68A00782EAC /* SCLAlertView.swift */; };
		BC3444EC1DACB68A00782EAC /* SCLExtensions.swift in Sources */ = {isa = PBXBuildFile; fileRef = BC3444EA1DACB68A00782EAC /* SCLExtensions.swift */; };
		BC74F2691DA0C8840095343E /* AppDelegate.swift in Sources */ = {isa = PBXBuildFile; fileRef = BC74F2681DA0C8840095343E /* AppDelegate.swift */; };
		BC74F2701DA0C8840095343E /* Assets.xcassets in Resources */ = {isa = PBXBuildFile; fileRef = BC74F26F1DA0C8840095343E /* Assets.xcassets */; };
		BC74F2731DA0C8840095343E /* LaunchScreen.storyboard in Resources */ = {isa = PBXBuildFile; fileRef = BC74F2711DA0C8840095343E /* LaunchScreen.storyboard */; };
		BC74F27C1DA0CA640095343E /* SnapContainerViewController.swift in Sources */ = {isa = PBXBuildFile; fileRef = BC74F27A1DA0CA640095343E /* SnapContainerViewController.swift */; };
		BC74F27D1DA0CA640095343E /* VerticalScrollViewController.swift in Sources */ = {isa = PBXBuildFile; fileRef = BC74F27B1DA0CA640095343E /* VerticalScrollViewController.swift */; };
		BC81FFCF1DA64E0400CDC54F /* Constants.swift in Sources */ = {isa = PBXBuildFile; fileRef = BC81FFCE1DA64E0400CDC54F /* Constants.swift */; };
		BC9521611DAF03C3007BE919 /* Message.swift in Sources */ = {isa = PBXBuildFile; fileRef = BC9521601DAF03C3007BE919 /* Message.swift */; };
		BC9521631DAF05F5007BE919 /* ChatRoom.swift in Sources */ = {isa = PBXBuildFile; fileRef = BC9521621DAF05F5007BE919 /* ChatRoom.swift */; };
		BC9521651DAF098A007BE919 /* ChatFunctions.swift in Sources */ = {isa = PBXBuildFile; fileRef = BC9521641DAF098A007BE919 /* ChatFunctions.swift */; };
		BC9521681DAF2063007BE919 /* ChatViewController.swift in Sources */ = {isa = PBXBuildFile; fileRef = BC9521671DAF2063007BE919 /* ChatViewController.swift */; };
		BC95216C1DAF5F26007BE919 /* ChatListTableViewController.swift in Sources */ = {isa = PBXBuildFile; fileRef = BC95216B1DAF5F26007BE919 /* ChatListTableViewController.swift */; };
		BC95216E1DAF5F3B007BE919 /* ChatListTableViewCell.swift in Sources */ = {isa = PBXBuildFile; fileRef = BC95216D1DAF5F3B007BE919 /* ChatListTableViewCell.swift */; };
		BC99DA601DB05319002A816C /* SettingsTableViewController.swift in Sources */ = {isa = PBXBuildFile; fileRef = BC99DA5F1DB05319002A816C /* SettingsTableViewController.swift */; };
		BC99DA621DB05894002A816C /* EditProfileTableViewController.swift in Sources */ = {isa = PBXBuildFile; fileRef = BC99DA611DB05894002A816C /* EditProfileTableViewController.swift */; };
		BC99DA871DB115C6002A816C /* ImageViewer.swift in Sources */ = {isa = PBXBuildFile; fileRef = BC99DA851DB115C6002A816C /* ImageViewer.swift */; };
		BC99DA881DB115C6002A816C /* UIImageView+ImageViewer.swift in Sources */ = {isa = PBXBuildFile; fileRef = BC99DA861DB115C6002A816C /* UIImageView+ImageViewer.swift */; };
		BCF40CCE1DA6135B00467FD2 /* Main.storyboard in Resources */ = {isa = PBXBuildFile; fileRef = BCF40CCC1DA6135B00467FD2 /* Main.storyboard */; };
		BCF40CD21DA6229500467FD2 /* GoogleService-Info.plist in Resources */ = {isa = PBXBuildFile; fileRef = BCF40CD11DA6229500467FD2 /* GoogleService-Info.plist */; };
/* End PBXBuildFile section */

/* Begin PBXFileReference section */
		26E50663729975CC9C1752FB /* Pods_Whisper.framework */ = {isa = PBXFileReference; explicitFileType = wrapper.framework; includeInIndex = 0; path = Pods_Whisper.framework; sourceTree = BUILT_PRODUCTS_DIR; };
		540D045A9089A4F272E9F510 /* Pods-Whisper.debug.xcconfig */ = {isa = PBXFileReference; includeInIndex = 1; lastKnownFileType = text.xcconfig; name = "Pods-Whisper.debug.xcconfig"; path = "Pods/Target Support Files/Pods-Whisper/Pods-Whisper.debug.xcconfig"; sourceTree = "<group>"; };
		921793561AAAD9E82BBFCD9B /* Pods-Whisper.release.xcconfig */ = {isa = PBXFileReference; includeInIndex = 1; lastKnownFileType = text.xcconfig; name = "Pods-Whisper.release.xcconfig"; path = "Pods/Target Support Files/Pods-Whisper/Pods-Whisper.release.xcconfig"; sourceTree = "<group>"; };
		BC097D8E1DAEE94C00BC8DCC /* UsersTableViewCell.swift */ = {isa = PBXFileReference; fileEncoding = 4; lastKnownFileType = sourcecode.swift; path = UsersTableViewCell.swift; sourceTree = "<group>"; };
		BC097D901DAEEA2400BC8DCC /* UsersTableViewController.swift */ = {isa = PBXFileReference; fileEncoding = 4; lastKnownFileType = sourcecode.swift; path = UsersTableViewController.swift; sourceTree = "<group>"; };
		BC147E8A1DA0DF2600D03E7C /* CameraViewController.swift */ = {isa = PBXFileReference; fileEncoding = 4; lastKnownFileType = sourcecode.swift; path = CameraViewController.swift; sourceTree = "<group>"; };
		BC2BEA611DADEBE8004315D6 /* LoginViewController.swift */ = {isa = PBXFileReference; fileEncoding = 4; lastKnownFileType = sourcecode.swift; path = LoginViewController.swift; sourceTree = "<group>"; };
		BC2BEA621DADEBE8004315D6 /* ResetPasswordViewController.swift */ = {isa = PBXFileReference; fileEncoding = 4; lastKnownFileType = sourcecode.swift; path = ResetPasswordViewController.swift; sourceTree = "<group>"; };
		BC2BEA631DADEBE8004315D6 /* SignupViewController.swift */ = {isa = PBXFileReference; fileEncoding = 4; lastKnownFileType = sourcecode.swift; path = SignupViewController.swift; sourceTree = "<group>"; };
		BC2BEA671DADEFB5004315D6 /* AuthenticationService.swift */ = {isa = PBXFileReference; fileEncoding = 4; lastKnownFileType = sourcecode.swift; path = AuthenticationService.swift; sourceTree = "<group>"; };
		BC2BEA6A1DADF718004315D6 /* CustomizableButton.swift */ = {isa = PBXFileReference; fileEncoding = 4; lastKnownFileType = sourcecode.swift; path = CustomizableButton.swift; sourceTree = "<group>"; };
		BC2BEA6B1DADF718004315D6 /* CustomizableImageView.swift */ = {isa = PBXFileReference; fileEncoding = 4; lastKnownFileType = sourcecode.swift; path = CustomizableImageView.swift; sourceTree = "<group>"; };
		BC2BEA6C1DADF718004315D6 /* CustomizableTextField.swift */ = {isa = PBXFileReference; fileEncoding = 4; lastKnownFileType = sourcecode.swift; path = CustomizableTextField.swift; sourceTree = "<group>"; };
		BC2BEA701DAE3843004315D6 /* MyProfileViewController.swift */ = {isa = PBXFileReference; fileEncoding = 4; lastKnownFileType = sourcecode.swift; path = MyProfileViewController.swift; sourceTree = "<group>"; };
		BC2BEA721DAE4267004315D6 /* User.swift */ = {isa = PBXFileReference; fileEncoding = 4; lastKnownFileType = sourcecode.swift; path = User.swift; sourceTree = "<group>"; };
		BC3444E91DACB68A00782EAC /* SCLAlertView.swift */ = {isa = PBXFileReference; fileEncoding = 4; lastKnownFileType = sourcecode.swift; path = SCLAlertView.swift; sourceTree = "<group>"; };
		BC3444EA1DACB68A00782EAC /* SCLExtensions.swift */ = {isa = PBXFileReference; fileEncoding = 4; lastKnownFileType = sourcecode.swift; path = SCLExtensions.swift; sourceTree = "<group>"; };
		BC74F2651DA0C8840095343E /* Whisper.app */ = {isa = PBXFileReference; explicitFileType = wrapper.application; includeInIndex = 0; path = Whisper.app; sourceTree = BUILT_PRODUCTS_DIR; };
		BC74F2681DA0C8840095343E /* AppDelegate.swift */ = {isa = PBXFileReference; lastKnownFileType = sourcecode.swift; path = AppDelegate.swift; sourceTree = "<group>"; };
		BC74F26F1DA0C8840095343E /* Assets.xcassets */ = {isa = PBXFileReference; lastKnownFileType = folder.assetcatalog; path = Assets.xcassets; sourceTree = "<group>"; };
		BC74F2721DA0C8840095343E /* Base */ = {isa = PBXFileReference; lastKnownFileType = file.storyboard; name = Base; path = Base.lproj/LaunchScreen.storyboard; sourceTree = "<group>"; };
		BC74F2741DA0C8840095343E /* Info.plist */ = {isa = PBXFileReference; lastKnownFileType = text.plist.xml; path = Info.plist; sourceTree = "<group>"; };
		BC74F27A1DA0CA640095343E /* SnapContainerViewController.swift */ = {isa = PBXFileReference; fileEncoding = 4; lastKnownFileType = sourcecode.swift; path = SnapContainerViewController.swift; sourceTree = "<group>"; };
		BC74F27B1DA0CA640095343E /* VerticalScrollViewController.swift */ = {isa = PBXFileReference; fileEncoding = 4; lastKnownFileType = sourcecode.swift; path = VerticalScrollViewController.swift; sourceTree = "<group>"; };
		BC81FFCE1DA64E0400CDC54F /* Constants.swift */ = {isa = PBXFileReference; fileEncoding = 4; lastKnownFileType = sourcecode.swift; path = Constants.swift; sourceTree = "<group>"; };
		BC9521601DAF03C3007BE919 /* Message.swift */ = {isa = PBXFileReference; fileEncoding = 4; lastKnownFileType = sourcecode.swift; path = Message.swift; sourceTree = "<group>"; };
		BC9521621DAF05F5007BE919 /* ChatRoom.swift */ = {isa = PBXFileReference; fileEncoding = 4; lastKnownFileType = sourcecode.swift; path = ChatRoom.swift; sourceTree = "<group>"; };
		BC9521641DAF098A007BE919 /* ChatFunctions.swift */ = {isa = PBXFileReference; fileEncoding = 4; lastKnownFileType = sourcecode.swift; path = ChatFunctions.swift; sourceTree = "<group>"; };
		BC9521671DAF2063007BE919 /* ChatViewController.swift */ = {isa = PBXFileReference; fileEncoding = 4; lastKnownFileType = sourcecode.swift; path = ChatViewController.swift; sourceTree = "<group>"; };
		BC95216B1DAF5F26007BE919 /* ChatListTableViewController.swift */ = {isa = PBXFileReference; fileEncoding = 4; lastKnownFileType = sourcecode.swift; path = ChatListTableViewController.swift; sourceTree = "<group>"; };
		BC95216D1DAF5F3B007BE919 /* ChatListTableViewCell.swift */ = {isa = PBXFileReference; fileEncoding = 4; lastKnownFileType = sourcecode.swift; path = ChatListTableViewCell.swift; sourceTree = "<group>"; };
		BC95216F1DAF850E007BE919 /* MyPlayground.playground */ = {isa = PBXFileReference; lastKnownFileType = file.playground; name = MyPlayground.playground; path = ../MyPlayground.playground; sourceTree = "<group>"; };
		BC99DA5F1DB05319002A816C /* SettingsTableViewController.swift */ = {isa = PBXFileReference; fileEncoding = 4; lastKnownFileType = sourcecode.swift; path = SettingsTableViewController.swift; sourceTree = "<group>"; };
		BC99DA611DB05894002A816C /* EditProfileTableViewController.swift */ = {isa = PBXFileReference; fileEncoding = 4; lastKnownFileType = sourcecode.swift; path = EditProfileTableViewController.swift; sourceTree = "<group>"; };
		BC99DA851DB115C6002A816C /* ImageViewer.swift */ = {isa = PBXFileReference; fileEncoding = 4; lastKnownFileType = sourcecode.swift; path = ImageViewer.swift; sourceTree = "<group>"; };
		BC99DA861DB115C6002A816C /* UIImageView+ImageViewer.swift */ = {isa = PBXFileReference; fileEncoding = 4; lastKnownFileType = sourcecode.swift; path = "UIImageView+ImageViewer.swift"; sourceTree = "<group>"; };
		BCF40CCD1DA6135B00467FD2 /* Base */ = {isa = PBXFileReference; lastKnownFileType = file.storyboard; name = Base; path = Base.lproj/Main.storyboard; sourceTree = "<group>"; };
		BCF40CD11DA6229500467FD2 /* GoogleService-Info.plist */ = {isa = PBXFileReference; fileEncoding = 4; lastKnownFileType = text.plist.xml; path = "GoogleService-Info.plist"; sourceTree = "<group>"; };
/* End PBXFileReference section */

/* Begin PBXFrameworksBuildPhase section */
		BC74F2621DA0C8840095343E /* Frameworks */ = {
			isa = PBXFrameworksBuildPhase;
			buildActionMask = 2147483647;
			files = (
				84F6982BDC6099AACE779DED /* Pods_Whisper.framework in Frameworks */,
			);
			runOnlyForDeploymentPostprocessing = 0;
		};
/* End PBXFrameworksBuildPhase section */

/* Begin PBXGroup section */
		58B76C5CE2E241E3BF92547F /* Frameworks */ = {
			isa = PBXGroup;
			children = (
				26E50663729975CC9C1752FB /* Pods_Whisper.framework */,
			);
			name = Frameworks;
			sourceTree = "<group>";
		};
		BC097D8D1DAEE92800BC8DCC /* Users Controllers */ = {
			isa = PBXGroup;
			children = (
				BC097D901DAEEA2400BC8DCC /* UsersTableViewController.swift */,
				BC097D8E1DAEE94C00BC8DCC /* UsersTableViewCell.swift */,
			);
			name = "Users Controllers";
			sourceTree = "<group>";
		};
		BC2BEA5E1DADBA02004315D6 /* Camera Controllers */ = {
			isa = PBXGroup;
			children = (
				BC147E8A1DA0DF2600D03E7C /* CameraViewController.swift */,
			);
			name = "Camera Controllers";
			sourceTree = "<group>";
		};
		BC2BEA691DADF70A004315D6 /* Customizable Views */ = {
			isa = PBXGroup;
			children = (
				BC99DA851DB115C6002A816C /* ImageViewer.swift */,
				BC99DA861DB115C6002A816C /* UIImageView+ImageViewer.swift */,
				BC74F27A1DA0CA640095343E /* SnapContainerViewController.swift */,
				BC74F27B1DA0CA640095343E /* VerticalScrollViewController.swift */,
				BC3444E91DACB68A00782EAC /* SCLAlertView.swift */,
				BC3444EA1DACB68A00782EAC /* SCLExtensions.swift */,
				BC2BEA6A1DADF718004315D6 /* CustomizableButton.swift */,
				BC2BEA6B1DADF718004315D6 /* CustomizableImageView.swift */,
				BC2BEA6C1DADF718004315D6 /* CustomizableTextField.swift */,
			);
			name = "Customizable Views";
			sourceTree = "<group>";
		};
		BC74F25C1DA0C8840095343E = {
			isa = PBXGroup;
			children = (
				BC74F2671DA0C8840095343E /* Whisper */,
				BC74F2661DA0C8840095343E /* Products */,
				D8E7922C54FB4D03D7F30116 /* Pods */,
				58B76C5CE2E241E3BF92547F /* Frameworks */,
			);
			sourceTree = "<group>";
		};
		BC74F2661DA0C8840095343E /* Products */ = {
			isa = PBXGroup;
			children = (
				BC74F2651DA0C8840095343E /* Whisper.app */,
			);
			name = Products;
			sourceTree = "<group>";
		};
		BC74F2671DA0C8840095343E /* Whisper */ = {
			isa = PBXGroup;
			children = (
				BC95216F1DAF850E007BE919 /* MyPlayground.playground */,
				BC81FFD01DA6523000CDC54F /* Models */,
				BC81FFD11DA6523B00CDC54F /* Views */,
				BC81FFD21DA6524100CDC54F /* Controllers */,
				BC81FFD31DA6527E00CDC54F /* Support Files */,
				BC74F2681DA0C8840095343E /* AppDelegate.swift */,
				BC74F26F1DA0C8840095343E /* Assets.xcassets */,
			);
			path = Whisper;
			sourceTree = "<group>";
		};
		BC81FFD01DA6523000CDC54F /* Models */ = {
			isa = PBXGroup;
			children = (
				BC2BEA671DADEFB5004315D6 /* AuthenticationService.swift */,
				BC81FFCE1DA64E0400CDC54F /* Constants.swift */,
				BC2BEA721DAE4267004315D6 /* User.swift */,
				BC9521601DAF03C3007BE919 /* Message.swift */,
				BC9521621DAF05F5007BE919 /* ChatRoom.swift */,
				BC9521641DAF098A007BE919 /* ChatFunctions.swift */,
			);
			name = Models;
			sourceTree = "<group>";
		};
		BC81FFD11DA6523B00CDC54F /* Views */ = {
			isa = PBXGroup;
			children = (
				BCF40CCC1DA6135B00467FD2 /* Main.storyboard */,
				BC74F2711DA0C8840095343E /* LaunchScreen.storyboard */,
			);
			name = Views;
			sourceTree = "<group>";
		};
		BC81FFD21DA6524100CDC54F /* Controllers */ = {
			isa = PBXGroup;
			children = (
				BC9521691DAF2B38007BE919 /* Profile Controllers */,
				BC9521661DAF2044007BE919 /* Chat Controllers */,
				BC097D8D1DAEE92800BC8DCC /* Users Controllers */,
				BC81FFD41DA65CB200CDC54F /* Authentication Controllers */,
				BC2BEA5E1DADBA02004315D6 /* Camera Controllers */,
			);
			name = Controllers;
			sourceTree = "<group>";
		};
		BC81FFD31DA6527E00CDC54F /* Support Files */ = {
			isa = PBXGroup;
			children = (
				BC2BEA691DADF70A004315D6 /* Customizable Views */,
				BC74F2741DA0C8840095343E /* Info.plist */,
				BCF40CD11DA6229500467FD2 /* GoogleService-Info.plist */,
			);
			name = "Support Files";
			sourceTree = "<group>";
		};
		BC81FFD41DA65CB200CDC54F /* Authentication Controllers */ = {
			isa = PBXGroup;
			children = (
				BC2BEA611DADEBE8004315D6 /* LoginViewController.swift */,
				BC2BEA631DADEBE8004315D6 /* SignupViewController.swift */,
				BC2BEA621DADEBE8004315D6 /* ResetPasswordViewController.swift */,
			);
			name = "Authentication Controllers";
			sourceTree = "<group>";
		};
		BC9521661DAF2044007BE919 /* Chat Controllers */ = {
			isa = PBXGroup;
			children = (
				BC9521671DAF2063007BE919 /* ChatViewController.swift */,
				BC95216B1DAF5F26007BE919 /* ChatListTableViewController.swift */,
				BC95216D1DAF5F3B007BE919 /* ChatListTableViewCell.swift */,
			);
			name = "Chat Controllers";
			sourceTree = "<group>";
		};
		BC9521691DAF2B38007BE919 /* Profile Controllers */ = {
			isa = PBXGroup;
			children = (
				BC2BEA701DAE3843004315D6 /* MyProfileViewController.swift */,
				BC99DA5F1DB05319002A816C /* SettingsTableViewController.swift */,
				BC99DA611DB05894002A816C /* EditProfileTableViewController.swift */,
			);
			name = "Profile Controllers";
			sourceTree = "<group>";
		};
		D8E7922C54FB4D03D7F30116 /* Pods */ = {
			isa = PBXGroup;
			children = (
				540D045A9089A4F272E9F510 /* Pods-Whisper.debug.xcconfig */,
				921793561AAAD9E82BBFCD9B /* Pods-Whisper.release.xcconfig */,
			);
			name = Pods;
			sourceTree = "<group>";
		};
/* End PBXGroup section */

/* Begin PBXNativeTarget section */
		BC74F2641DA0C8840095343E /* Whisper */ = {
			isa = PBXNativeTarget;
			buildConfigurationList = BC74F2771DA0C8840095343E /* Build configuration list for PBXNativeTarget "Whisper" */;
			buildPhases = (
				E280DA4E59B2B67F37E24880 /* Check Pods Manifest.lock */,
				BC74F2611DA0C8840095343E /* Sources */,
				BC74F2621DA0C8840095343E /* Frameworks */,
				BC74F2631DA0C8840095343E /* Resources */,
				60816985ED3927D6A89CB849 /* Embed Pods Frameworks */,
				854DF44A7FF232C85779E93F /* Copy Pods Resources */,
			);
			buildRules = (
			);
			dependencies = (
			);
			name = Whisper;
			productName = Whisper;
			productReference = BC74F2651DA0C8840095343E /* Whisper.app */;
			productType = "com.apple.product-type.application";
		};
/* End PBXNativeTarget section */

/* Begin PBXProject section */
		BC74F25D1DA0C8840095343E /* Project object */ = {
			isa = PBXProject;
			attributes = {
				LastSwiftUpdateCheck = 0800;
				LastUpgradeCheck = 0800;
				ORGANIZATIONNAME = unimelb;
				TargetAttributes = {
					BC74F2641DA0C8840095343E = {
						CreatedOnToolsVersion = 8.0;
						DevelopmentTeam = UFCM2756LW;
						LastSwiftMigration = 0800;
						ProvisioningStyle = Automatic;
					};
				};
			};
			buildConfigurationList = BC74F2601DA0C8840095343E /* Build configuration list for PBXProject "Whisper" */;
			compatibilityVersion = "Xcode 3.2";
			developmentRegion = English;
			hasScannedForEncodings = 0;
			knownRegions = (
				en,
				Base,
			);
			mainGroup = BC74F25C1DA0C8840095343E;
			productRefGroup = BC74F2661DA0C8840095343E /* Products */;
			projectDirPath = "";
			projectRoot = "";
			targets = (
				BC74F2641DA0C8840095343E /* Whisper */,
			);
		};
/* End PBXProject section */

/* Begin PBXResourcesBuildPhase section */
		BC74F2631DA0C8840095343E /* Resources */ = {
			isa = PBXResourcesBuildPhase;
			buildActionMask = 2147483647;
			files = (
				BC74F2731DA0C8840095343E /* LaunchScreen.storyboard in Resources */,
				BCF40CD21DA6229500467FD2 /* GoogleService-Info.plist in Resources */,
				BC74F2701DA0C8840095343E /* Assets.xcassets in Resources */,
				BCF40CCE1DA6135B00467FD2 /* Main.storyboard in Resources */,
			);
			runOnlyForDeploymentPostprocessing = 0;
		};
/* End PBXResourcesBuildPhase section */

/* Begin PBXShellScriptBuildPhase section */
		60816985ED3927D6A89CB849 /* Embed Pods Frameworks */ = {
			isa = PBXShellScriptBuildPhase;
			buildActionMask = 2147483647;
			files = (
			);
			inputPaths = (
			);
			name = "Embed Pods Frameworks";
			outputPaths = (
			);
			runOnlyForDeploymentPostprocessing = 0;
			shellPath = /bin/sh;
			shellScript = "\"${SRCROOT}/Pods/Target Support Files/Pods-Whisper/Pods-Whisper-frameworks.sh\"\n";
			showEnvVarsInLog = 0;
		};
		854DF44A7FF232C85779E93F /* Copy Pods Resources */ = {
			isa = PBXShellScriptBuildPhase;
			buildActionMask = 2147483647;
			files = (
			);
			inputPaths = (
			);
			name = "Copy Pods Resources";
			outputPaths = (
			);
			runOnlyForDeploymentPostprocessing = 0;
			shellPath = /bin/sh;
			shellScript = "\"${SRCROOT}/Pods/Target Support Files/Pods-Whisper/Pods-Whisper-resources.sh\"\n";
			showEnvVarsInLog = 0;
		};
		E280DA4E59B2B67F37E24880 /* Check Pods Manifest.lock */ = {
			isa = PBXShellScriptBuildPhase;
			buildActionMask = 2147483647;
			files = (
			);
			inputPaths = (
			);
			name = "Check Pods Manifest.lock";
			outputPaths = (
			);
			runOnlyForDeploymentPostprocessing = 0;
			shellPath = /bin/sh;
			shellScript = "diff \"${PODS_ROOT}/../Podfile.lock\" \"${PODS_ROOT}/Manifest.lock\" > /dev/null\nif [[ $? != 0 ]] ; then\n    cat << EOM\nerror: The sandbox is not in sync with the Podfile.lock. Run 'pod install' or update your CocoaPods installation.\nEOM\n    exit 1\nfi\n";
			showEnvVarsInLog = 0;
		};
/* End PBXShellScriptBuildPhase section */

/* Begin PBXSourcesBuildPhase section */
		BC74F2611DA0C8840095343E /* Sources */ = {
			isa = PBXSourcesBuildPhase;
			buildActionMask = 2147483647;
			files = (
				BC9521611DAF03C3007BE919 /* Message.swift in Sources */,
				BC2BEA6E1DADF718004315D6 /* CustomizableImageView.swift in Sources */,
				BC9521681DAF2063007BE919 /* ChatViewController.swift in Sources */,
				BC95216C1DAF5F26007BE919 /* ChatListTableViewController.swift in Sources */,
				BC2BEA641DADEBE8004315D6 /* LoginViewController.swift in Sources */,
				BC2BEA6D1DADF718004315D6 /* CustomizableButton.swift in Sources */,
				BC99DA871DB115C6002A816C /* ImageViewer.swift in Sources */,
				BC3444EC1DACB68A00782EAC /* SCLExtensions.swift in Sources */,
				BC99DA881DB115C6002A816C /* UIImageView+ImageViewer.swift in Sources */,
				BC2BEA731DAE4267004315D6 /* User.swift in Sources */,
				BC2BEA661DADEBE8004315D6 /* SignupViewController.swift in Sources */,
				BC2BEA681DADEFB5004315D6 /* AuthenticationService.swift in Sources */,
				BC2BEA6F1DADF718004315D6 /* CustomizableTextField.swift in Sources */,
				BC99DA621DB05894002A816C /* EditProfileTableViewController.swift in Sources */,
				BC99DA601DB05319002A816C /* SettingsTableViewController.swift in Sources */,
				BC3444EB1DACB68A00782EAC /* SCLAlertView.swift in Sources */,
				BC147E8B1DA0DF2600D03E7C /* CameraViewController.swift in Sources */,
				BC097D911DAEEA2400BC8DCC /* UsersTableViewController.swift in Sources */,
				BC74F27D1DA0CA640095343E /* VerticalScrollViewController.swift in Sources */,
				BC74F2691DA0C8840095343E /* AppDelegate.swift in Sources */,
				BC2BEA651DADEBE8004315D6 /* ResetPasswordViewController.swift in Sources */,
				BC74F27C1DA0CA640095343E /* SnapContainerViewController.swift in Sources */,
				BC2BEA711DAE3843004315D6 /* MyProfileViewController.swift in Sources */,
				BC097D8F1DAEE94C00BC8DCC /* UsersTableViewCell.swift in Sources */,
				BC9521651DAF098A007BE919 /* ChatFunctions.swift in Sources */,
				BC95216E1DAF5F3B007BE919 /* ChatListTableViewCell.swift in Sources */,
				BC9521631DAF05F5007BE919 /* ChatRoom.swift in Sources */,
				BC81FFCF1DA64E0400CDC54F /* Constants.swift in Sources */,
			);
			runOnlyForDeploymentPostprocessing = 0;
		};
/* End PBXSourcesBuildPhase section */

/* Begin PBXVariantGroup section */
		BC74F2711DA0C8840095343E /* LaunchScreen.storyboard */ = {
			isa = PBXVariantGroup;
			children = (
				BC74F2721DA0C8840095343E /* Base */,
			);
			name = LaunchScreen.storyboard;
			sourceTree = "<group>";
		};
		BCF40CCC1DA6135B00467FD2 /* Main.storyboard */ = {
			isa = PBXVariantGroup;
			children = (
				BCF40CCD1DA6135B00467FD2 /* Base */,
			);
			name = Main.storyboard;
			sourceTree = "<group>";
		};
/* End PBXVariantGroup section */

/* Begin XCBuildConfiguration section */
		BC74F2751DA0C8840095343E /* Debug */ = {
			isa = XCBuildConfiguration;
			buildSettings = {
				ALWAYS_SEARCH_USER_PATHS = NO;
				CLANG_ANALYZER_NONNULL = YES;
				CLANG_CXX_LANGUAGE_STANDARD = "gnu++0x";
				CLANG_CXX_LIBRARY = "libc++";
				CLANG_ENABLE_MODULES = YES;
				CLANG_ENABLE_OBJC_ARC = YES;
				CLANG_WARN_BOOL_CONVERSION = YES;
				CLANG_WARN_CONSTANT_CONVERSION = YES;
				CLANG_WARN_DIRECT_OBJC_ISA_USAGE = YES_ERROR;
				CLANG_WARN_DOCUMENTATION_COMMENTS = YES;
				CLANG_WARN_EMPTY_BODY = YES;
				CLANG_WARN_ENUM_CONVERSION = YES;
				CLANG_WARN_INFINITE_RECURSION = YES;
				CLANG_WARN_INT_CONVERSION = YES;
				CLANG_WARN_OBJC_ROOT_CLASS = YES_ERROR;
				CLANG_WARN_SUSPICIOUS_MOVE = YES;
				CLANG_WARN_SUSPICIOUS_MOVES = YES;
				CLANG_WARN_UNREACHABLE_CODE = YES;
				CLANG_WARN__DUPLICATE_METHOD_MATCH = YES;
				"CODE_SIGN_IDENTITY[sdk=iphoneos*]" = "iPhone Developer";
				COPY_PHASE_STRIP = NO;
				DEBUG_INFORMATION_FORMAT = dwarf;
				ENABLE_STRICT_OBJC_MSGSEND = YES;
				ENABLE_TESTABILITY = YES;
				GCC_C_LANGUAGE_STANDARD = gnu99;
				GCC_DYNAMIC_NO_PIC = NO;
				GCC_NO_COMMON_BLOCKS = YES;
				GCC_OPTIMIZATION_LEVEL = 0;
				GCC_PREPROCESSOR_DEFINITIONS = (
					"DEBUG=1",
					"$(inherited)",
				);
				GCC_WARN_64_TO_32_BIT_CONVERSION = YES;
				GCC_WARN_ABOUT_RETURN_TYPE = YES_ERROR;
				GCC_WARN_UNDECLARED_SELECTOR = YES;
				GCC_WARN_UNINITIALIZED_AUTOS = YES_AGGRESSIVE;
				GCC_WARN_UNUSED_FUNCTION = YES;
				GCC_WARN_UNUSED_VARIABLE = YES;
				IPHONEOS_DEPLOYMENT_TARGET = 9.3;
				MTL_ENABLE_DEBUG_INFO = YES;
				ONLY_ACTIVE_ARCH = YES;
				SDKROOT = iphoneos;
				SWIFT_ACTIVE_COMPILATION_CONDITIONS = DEBUG;
				SWIFT_INSTALL_OBJC_HEADER = YES;
				SWIFT_OPTIMIZATION_LEVEL = "-Onone";
				SWIFT_VERSION = 3.0;
			};
			name = Debug;
		};
		BC74F2761DA0C8840095343E /* Release */ = {
			isa = XCBuildConfiguration;
			buildSettings = {
				ALWAYS_SEARCH_USER_PATHS = NO;
				CLANG_ANALYZER_NONNULL = YES;
				CLANG_CXX_LANGUAGE_STANDARD = "gnu++0x";
				CLANG_CXX_LIBRARY = "libc++";
				CLANG_ENABLE_MODULES = YES;
				CLANG_ENABLE_OBJC_ARC = YES;
				CLANG_WARN_BOOL_CONVERSION = YES;
				CLANG_WARN_CONSTANT_CONVERSION = YES;
				CLANG_WARN_DIRECT_OBJC_ISA_USAGE = YES_ERROR;
				CLANG_WARN_DOCUMENTATION_COMMENTS = YES;
				CLANG_WARN_EMPTY_BODY = YES;
				CLANG_WARN_ENUM_CONVERSION = YES;
				CLANG_WARN_INFINITE_RECURSION = YES;
				CLANG_WARN_INT_CONVERSION = YES;
				CLANG_WARN_OBJC_ROOT_CLASS = YES_ERROR;
				CLANG_WARN_SUSPICIOUS_MOVE = YES;
				CLANG_WARN_SUSPICIOUS_MOVES = YES;
				CLANG_WARN_UNREACHABLE_CODE = YES;
				CLANG_WARN__DUPLICATE_METHOD_MATCH = YES;
				"CODE_SIGN_IDENTITY[sdk=iphoneos*]" = "iPhone Developer";
				COPY_PHASE_STRIP = NO;
				DEBUG_INFORMATION_FORMAT = "dwarf-with-dsym";
				ENABLE_NS_ASSERTIONS = NO;
				ENABLE_STRICT_OBJC_MSGSEND = YES;
				GCC_C_LANGUAGE_STANDARD = gnu99;
				GCC_NO_COMMON_BLOCKS = YES;
				GCC_WARN_64_TO_32_BIT_CONVERSION = YES;
				GCC_WARN_ABOUT_RETURN_TYPE = YES_ERROR;
				GCC_WARN_UNDECLARED_SELECTOR = YES;
				GCC_WARN_UNINITIALIZED_AUTOS = YES_AGGRESSIVE;
				GCC_WARN_UNUSED_FUNCTION = YES;
				GCC_WARN_UNUSED_VARIABLE = YES;
				IPHONEOS_DEPLOYMENT_TARGET = 9.3;
				MTL_ENABLE_DEBUG_INFO = NO;
				SDKROOT = iphoneos;
				SWIFT_INSTALL_OBJC_HEADER = YES;
				SWIFT_OPTIMIZATION_LEVEL = "-Owholemodule";
				SWIFT_VERSION = 3.0;
				VALIDATE_PRODUCT = YES;
			};
			name = Release;
		};
		BC74F2781DA0C8840095343E /* Debug */ = {
			isa = XCBuildConfiguration;
			baseConfigurationReference = 540D045A9089A4F272E9F510 /* Pods-Whisper.debug.xcconfig */;
			buildSettings = {
				ALWAYS_EMBED_SWIFT_STANDARD_LIBRARIES = YES;
				ASSETCATALOG_COMPILER_APPICON_NAME = AppIcon;
				DEVELOPMENT_TEAM = UFCM2756LW;
				INFOPLIST_FILE = Whisper/Info.plist;
				IPHONEOS_DEPLOYMENT_TARGET = 9.3;
				LD_RUNPATH_SEARCH_PATHS = "$(inherited) @executable_path/Frameworks";
				PRODUCT_BUNDLE_IDENTIFIER = au.edu.unimelb.Whisper;
				PRODUCT_NAME = "$(TARGET_NAME)";
				SWIFT_VERSION = 3.0;
			};
			name = Debug;
		};
		BC74F2791DA0C8840095343E /* Release */ = {
			isa = XCBuildConfiguration;
			baseConfigurationReference = 921793561AAAD9E82BBFCD9B /* Pods-Whisper.release.xcconfig */;
			buildSettings = {
				ALWAYS_EMBED_SWIFT_STANDARD_LIBRARIES = YES;
				ASSETCATALOG_COMPILER_APPICON_NAME = AppIcon;
				DEVELOPMENT_TEAM = UFCM2756LW;
				INFOPLIST_FILE = Whisper/Info.plist;
				IPHONEOS_DEPLOYMENT_TARGET = 9.3;
				LD_RUNPATH_SEARCH_PATHS = "$(inherited) @executable_path/Frameworks";
				PRODUCT_BUNDLE_IDENTIFIER = au.edu.unimelb.Whisper;
				PRODUCT_NAME = "$(TARGET_NAME)";
				SWIFT_VERSION = 3.0;
			};
			name = Release;
		};
/* End XCBuildConfiguration section */

/* Begin XCConfigurationList section */
		BC74F2601DA0C8840095343E /* Build configuration list for PBXProject "Whisper" */ = {
			isa = XCConfigurationList;
			buildConfigurations = (
				BC74F2751DA0C8840095343E /* Debug */,
				BC74F2761DA0C8840095343E /* Release */,
			);
			defaultConfigurationIsVisible = 0;
			defaultConfigurationName = Release;
		};
		BC74F2771DA0C8840095343E /* Build configuration list for PBXNativeTarget "Whisper" */ = {
			isa = XCConfigurationList;
			buildConfigurations = (
				BC74F2781DA0C8840095343E /* Debug */,
				BC74F2791DA0C8840095343E /* Release */,
			);
			defaultConfigurationIsVisible = 0;
			defaultConfigurationName = Release;
		};
/* End XCConfigurationList section */
	};
	rootObject = BC74F25D1DA0C8840095343E /* Project object */;
}
